
Microsoft Visual Studio Solution File, Format Version 12.00
# Visual Studio Version 17
VisualStudioVersion = 17.8.34525.116
MinimumVisualStudioVersion = 10.0.40219.1
Project("{FAE04EC0-301F-11D3-BF4B-00C04F79EFBC}") = "Workaround", "Workaround\Workaround.csproj", "{D030AE81-B521-42B4-9C1E-63857F065F45}"
EndProject
Global
	GlobalSection(SolutionConfigurationPlatforms) = preSolution
		Debug|Any CPU = Debug|Any CPU
		Release|Any CPU = Release|Any CPU
	EndGlobalSection
	GlobalSection(ProjectConfigurationPlatforms) = postSolution
		{D030AE81-B521-42B4-9C1E-63857F065F45}.Debug|Any CPU.ActiveCfg = Debug|Any CPU
		{D030AE81-B521-42B4-9C1E-63857F065F45}.Debug|Any CPU.Build.0 = Debug|Any CPU
		{D030AE81-B521-42B4-9C1E-63857F065F45}.Release|Any CPU.ActiveCfg = Release|Any CPU
		{D030AE81-B521-42B4-9C1E-63857F065F45}.Release|Any CPU.Build.0 = Release|Any CPU
	EndGlobalSection
	GlobalSection(SolutionProperties) = preSolution
		HideSolutionNode = FALSE
	EndGlobalSection
	GlobalSection(ExtensibilityGlobals) = postSolution
		SolutionGuid = {389A8769-E0B0-43E4-8FA3-81A8AE0739AC}
	EndGlobalSection
EndGlobal
